
Microsoft Visual Studio Solution File, Format Version 12.00
# Visual Studio 2012
Project("{8BC9CEB8-8B4A-11D0-8D11-00A0C91BC942}") = "Lists", "Lists\Lists.vcxproj", "{F28D4265-AFA7-4D0A-AF48-2C3823B4A0E2}"
EndProject
Project("{8BC9CEB8-8B4A-11D0-8D11-00A0C91BC942}") = "Linked_list", "Linked_list\Linked_list.vcxproj", "{5EFE6999-9D50-42BD-ABC0-7DE2C5C99CAB}"
EndProject
Project("{8BC9CEB8-8B4A-11D0-8D11-00A0C91BC942}") = "Doubly_linked_lists", "Doubly_linked_lists\Doubly_linked_lists.vcxproj", "{5A290B96-1B7C-4337-A33C-073872F50466}"
EndProject
Project("{8BC9CEB8-8B4A-11D0-8D11-00A0C91BC942}") = "TString", "TString\TString.vcxproj", "{D8E8D186-2E2D-4C5F-8DF6-98A5272B76D2}"
EndProject
Project("{8BC9CEB8-8B4A-11D0-8D11-00A0C91BC942}") = "Linked_List_in_arrays", "Linked_List_in_arrays\Linked_List_in_arrays.vcxproj", "{CD3AC1A9-C572-443E-91DC-197467F15DED}"
EndProject
Global
	GlobalSection(SolutionConfigurationPlatforms) = preSolution
		Debug|Win32 = Debug|Win32
		Release|Win32 = Release|Win32
	EndGlobalSection
	GlobalSection(ProjectConfigurationPlatforms) = postSolution
		{F28D4265-AFA7-4D0A-AF48-2C3823B4A0E2}.Debug|Win32.ActiveCfg = Debug|Win32
		{F28D4265-AFA7-4D0A-AF48-2C3823B4A0E2}.Debug|Win32.Build.0 = Debug|Win32
		{F28D4265-AFA7-4D0A-AF48-2C3823B4A0E2}.Release|Win32.ActiveCfg = Release|Win32
		{F28D4265-AFA7-4D0A-AF48-2C3823B4A0E2}.Release|Win32.Build.0 = Release|Win32
		{5EFE6999-9D50-42BD-ABC0-7DE2C5C99CAB}.Debug|Win32.ActiveCfg = Debug|Win32
		{5EFE6999-9D50-42BD-ABC0-7DE2C5C99CAB}.Debug|Win32.Build.0 = Debug|Win32
		{5EFE6999-9D50-42BD-ABC0-7DE2C5C99CAB}.Release|Win32.ActiveCfg = Release|Win32
		{5EFE6999-9D50-42BD-ABC0-7DE2C5C99CAB}.Release|Win32.Build.0 = Release|Win32
		{5A290B96-1B7C-4337-A33C-073872F50466}.Debug|Win32.ActiveCfg = Debug|Win32
		{5A290B96-1B7C-4337-A33C-073872F50466}.Debug|Win32.Build.0 = Debug|Win32
		{5A290B96-1B7C-4337-A33C-073872F50466}.Release|Win32.ActiveCfg = Release|Win32
		{5A290B96-1B7C-4337-A33C-073872F50466}.Release|Win32.Build.0 = Release|Win32
		{D8E8D186-2E2D-4C5F-8DF6-98A5272B76D2}.Debug|Win32.ActiveCfg = Debug|Win32
		{D8E8D186-2E2D-4C5F-8DF6-98A5272B76D2}.Debug|Win32.Build.0 = Debug|Win32
		{D8E8D186-2E2D-4C5F-8DF6-98A5272B76D2}.Release|Win32.ActiveCfg = Release|Win32
		{D8E8D186-2E2D-4C5F-8DF6-98A5272B76D2}.Release|Win32.Build.0 = Release|Win32
		{CD3AC1A9-C572-443E-91DC-197467F15DED}.Debug|Win32.ActiveCfg = Debug|Win32
		{CD3AC1A9-C572-443E-91DC-197467F15DED}.Debug|Win32.Build.0 = Debug|Win32
		{CD3AC1A9-C572-443E-91DC-197467F15DED}.Release|Win32.ActiveCfg = Release|Win32
		{CD3AC1A9-C572-443E-91DC-197467F15DED}.Release|Win32.Build.0 = Release|Win32
	EndGlobalSection
	GlobalSection(SolutionProperties) = preSolution
		HideSolutionNode = FALSE
	EndGlobalSection
EndGlobal
