
Microsoft Visual Studio Solution File, Format Version 12.00
# Visual Studio 2012
Project("{8BC9CEB8-8B4A-11D0-8D11-00A0C91BC942}") = "AoSoFA", "AoSoFA\AoSoFA.vcxproj", "{CFEA56FF-D0E0-4CE0-938D-C7F6E5B2B1F6}"
EndProject
Project("{8BC9CEB8-8B4A-11D0-8D11-00A0C91BC942}") = "DIC_CUDA_COMB", "Precomputation\Precomputation.vcxproj", "{452C86F7-8FF1-4BB8-8321-F9E223534E8C}"
EndProject
Project("{8BC9CEB8-8B4A-11D0-8D11-00A0C91BC942}") = "Test_printf", "Test_printf\Test_printf.vcxproj", "{7C48809A-2E12-4233-ABC9-A6C58FFF7509}"
EndProject
Project("{8BC9CEB8-8B4A-11D0-8D11-00A0C91BC942}") = "DIC_CUDA_PRECOMPUTATION", "precomputation_test\precomputation_test.vcxproj", "{2702AD35-88E7-47CD-873F-30D648588680}"
EndProject
Project("{8BC9CEB8-8B4A-11D0-8D11-00A0C91BC942}") = "properties", "properties\properties.vcxproj", "{98B6A4B5-AB9E-4006-B08D-59DE77DD0FF1}"
EndProject
Project("{8BC9CEB8-8B4A-11D0-8D11-00A0C91BC942}") = "DIC_CUDA_FFT", "DIC_CUDA_FFT\DIC_CUDA_FFT.vcxproj", "{543C52B5-A7C0-4F3D-9844-2F2F74AC1B03}"
EndProject
Project("{8BC9CEB8-8B4A-11D0-8D11-00A0C91BC942}") = "zero_copying_test", "zero_copying_test\zero_copying_test.vcxproj", "{5FBC9678-4B03-4B8C-98BC-B0C2798E0D9A}"
EndProject
Project("{8BC9CEB8-8B4A-11D0-8D11-00A0C91BC942}") = "DIC_FFTW_FFT", "DIC_FFTW_FFT\DIC_FFTW_FFT.vcxproj", "{84A8C500-AE85-4B5C-9C76-334A51A96D4A}"
EndProject
Global
	GlobalSection(SolutionConfigurationPlatforms) = preSolution
		Debug|Win32 = Debug|Win32
		Debug|x64 = Debug|x64
		Release|Win32 = Release|Win32
		Release|x64 = Release|x64
	EndGlobalSection
	GlobalSection(ProjectConfigurationPlatforms) = postSolution
		{CFEA56FF-D0E0-4CE0-938D-C7F6E5B2B1F6}.Debug|Win32.ActiveCfg = Debug|Win32
		{CFEA56FF-D0E0-4CE0-938D-C7F6E5B2B1F6}.Debug|Win32.Build.0 = Debug|Win32
		{CFEA56FF-D0E0-4CE0-938D-C7F6E5B2B1F6}.Debug|x64.ActiveCfg = Debug|x64
		{CFEA56FF-D0E0-4CE0-938D-C7F6E5B2B1F6}.Debug|x64.Build.0 = Debug|x64
		{CFEA56FF-D0E0-4CE0-938D-C7F6E5B2B1F6}.Release|Win32.ActiveCfg = Release|Win32
		{CFEA56FF-D0E0-4CE0-938D-C7F6E5B2B1F6}.Release|Win32.Build.0 = Release|Win32
		{CFEA56FF-D0E0-4CE0-938D-C7F6E5B2B1F6}.Release|x64.ActiveCfg = Release|x64
		{CFEA56FF-D0E0-4CE0-938D-C7F6E5B2B1F6}.Release|x64.Build.0 = Release|x64
		{452C86F7-8FF1-4BB8-8321-F9E223534E8C}.Debug|Win32.ActiveCfg = Debug|Win32
		{452C86F7-8FF1-4BB8-8321-F9E223534E8C}.Debug|Win32.Build.0 = Debug|Win32
		{452C86F7-8FF1-4BB8-8321-F9E223534E8C}.Debug|x64.ActiveCfg = Debug|x64
		{452C86F7-8FF1-4BB8-8321-F9E223534E8C}.Debug|x64.Build.0 = Debug|x64
		{452C86F7-8FF1-4BB8-8321-F9E223534E8C}.Release|Win32.ActiveCfg = Release|Win32
		{452C86F7-8FF1-4BB8-8321-F9E223534E8C}.Release|Win32.Build.0 = Release|Win32
		{452C86F7-8FF1-4BB8-8321-F9E223534E8C}.Release|x64.ActiveCfg = Release|x64
		{452C86F7-8FF1-4BB8-8321-F9E223534E8C}.Release|x64.Build.0 = Release|x64
		{7C48809A-2E12-4233-ABC9-A6C58FFF7509}.Debug|Win32.ActiveCfg = Debug|Win32
		{7C48809A-2E12-4233-ABC9-A6C58FFF7509}.Debug|Win32.Build.0 = Debug|Win32
		{7C48809A-2E12-4233-ABC9-A6C58FFF7509}.Debug|x64.ActiveCfg = Debug|x64
		{7C48809A-2E12-4233-ABC9-A6C58FFF7509}.Debug|x64.Build.0 = Debug|x64
		{7C48809A-2E12-4233-ABC9-A6C58FFF7509}.Release|Win32.ActiveCfg = Release|Win32
		{7C48809A-2E12-4233-ABC9-A6C58FFF7509}.Release|Win32.Build.0 = Release|Win32
		{7C48809A-2E12-4233-ABC9-A6C58FFF7509}.Release|x64.ActiveCfg = Release|x64
		{7C48809A-2E12-4233-ABC9-A6C58FFF7509}.Release|x64.Build.0 = Release|x64
		{2702AD35-88E7-47CD-873F-30D648588680}.Debug|Win32.ActiveCfg = Debug|Win32
		{2702AD35-88E7-47CD-873F-30D648588680}.Debug|Win32.Build.0 = Debug|Win32
		{2702AD35-88E7-47CD-873F-30D648588680}.Debug|x64.ActiveCfg = Debug|x64
		{2702AD35-88E7-47CD-873F-30D648588680}.Debug|x64.Build.0 = Debug|x64
		{2702AD35-88E7-47CD-873F-30D648588680}.Release|Win32.ActiveCfg = Release|Win32
		{2702AD35-88E7-47CD-873F-30D648588680}.Release|Win32.Build.0 = Release|Win32
		{2702AD35-88E7-47CD-873F-30D648588680}.Release|x64.ActiveCfg = Release|x64
		{2702AD35-88E7-47CD-873F-30D648588680}.Release|x64.Build.0 = Release|x64
		{98B6A4B5-AB9E-4006-B08D-59DE77DD0FF1}.Debug|Win32.ActiveCfg = Debug|Win32
		{98B6A4B5-AB9E-4006-B08D-59DE77DD0FF1}.Debug|Win32.Build.0 = Debug|Win32
		{98B6A4B5-AB9E-4006-B08D-59DE77DD0FF1}.Debug|x64.ActiveCfg = Debug|x64
		{98B6A4B5-AB9E-4006-B08D-59DE77DD0FF1}.Debug|x64.Build.0 = Debug|x64
		{98B6A4B5-AB9E-4006-B08D-59DE77DD0FF1}.Release|Win32.ActiveCfg = Release|Win32
		{98B6A4B5-AB9E-4006-B08D-59DE77DD0FF1}.Release|Win32.Build.0 = Release|Win32
		{98B6A4B5-AB9E-4006-B08D-59DE77DD0FF1}.Release|x64.ActiveCfg = Release|x64
		{98B6A4B5-AB9E-4006-B08D-59DE77DD0FF1}.Release|x64.Build.0 = Release|x64
		{543C52B5-A7C0-4F3D-9844-2F2F74AC1B03}.Debug|Win32.ActiveCfg = Debug|Win32
		{543C52B5-A7C0-4F3D-9844-2F2F74AC1B03}.Debug|Win32.Build.0 = Debug|Win32
		{543C52B5-A7C0-4F3D-9844-2F2F74AC1B03}.Debug|x64.ActiveCfg = Debug|x64
		{543C52B5-A7C0-4F3D-9844-2F2F74AC1B03}.Debug|x64.Build.0 = Debug|x64
		{543C52B5-A7C0-4F3D-9844-2F2F74AC1B03}.Release|Win32.ActiveCfg = Release|Win32
		{543C52B5-A7C0-4F3D-9844-2F2F74AC1B03}.Release|Win32.Build.0 = Release|Win32
		{543C52B5-A7C0-4F3D-9844-2F2F74AC1B03}.Release|x64.ActiveCfg = Release|x64
		{543C52B5-A7C0-4F3D-9844-2F2F74AC1B03}.Release|x64.Build.0 = Release|x64
		{5FBC9678-4B03-4B8C-98BC-B0C2798E0D9A}.Debug|Win32.ActiveCfg = Debug|Win32
		{5FBC9678-4B03-4B8C-98BC-B0C2798E0D9A}.Debug|Win32.Build.0 = Debug|Win32
		{5FBC9678-4B03-4B8C-98BC-B0C2798E0D9A}.Debug|x64.ActiveCfg = Debug|x64
		{5FBC9678-4B03-4B8C-98BC-B0C2798E0D9A}.Debug|x64.Build.0 = Debug|x64
		{5FBC9678-4B03-4B8C-98BC-B0C2798E0D9A}.Release|Win32.ActiveCfg = Release|Win32
		{5FBC9678-4B03-4B8C-98BC-B0C2798E0D9A}.Release|Win32.Build.0 = Release|Win32
		{5FBC9678-4B03-4B8C-98BC-B0C2798E0D9A}.Release|x64.ActiveCfg = Release|x64
		{5FBC9678-4B03-4B8C-98BC-B0C2798E0D9A}.Release|x64.Build.0 = Release|x64
		{84A8C500-AE85-4B5C-9C76-334A51A96D4A}.Debug|Win32.ActiveCfg = Debug|Win32
		{84A8C500-AE85-4B5C-9C76-334A51A96D4A}.Debug|Win32.Build.0 = Debug|Win32
		{84A8C500-AE85-4B5C-9C76-334A51A96D4A}.Debug|x64.ActiveCfg = Debug|Win32
		{84A8C500-AE85-4B5C-9C76-334A51A96D4A}.Release|Win32.ActiveCfg = Release|Win32
		{84A8C500-AE85-4B5C-9C76-334A51A96D4A}.Release|Win32.Build.0 = Release|Win32
		{84A8C500-AE85-4B5C-9C76-334A51A96D4A}.Release|x64.ActiveCfg = Release|Win32
	EndGlobalSection
	GlobalSection(SolutionProperties) = preSolution
		HideSolutionNode = FALSE
	EndGlobalSection
EndGlobal
