<?xml version="1.0" encoding="utf-8"?>
<Project ToolsVersion="4.0" xmlns="http://schemas.microsoft.com/developer/msbuild/2003">
  <ItemGroup>
    <Filter Include="Header">
      <UniqueIdentifier>{116fd50f-a020-420e-b38d-0a5ae89736b6}</UniqueIdentifier>
    </Filter>
    <Filter Include="Sourse">
      <UniqueIdentifier>{809fb798-5c42-4a2d-b82e-e34c083776db}</UniqueIdentifier>
    </Filter>
    <Filter Include="CUDA">
      <UniqueIdentifier>{b5cbbdf9-8284-4a51-b8e7-7604d7f2cbb8}</UniqueIdentifier>
    </Filter>
  </ItemGroup>
  <ItemGroup>
    <ClCompile Include="main.cpp">
      <Filter>Sourse</Filter>
    </ClCompile>
    <ClCompile Include="EasyBMP.cpp">
      <Filter>Sourse</Filter>
    </ClCompile>
    <ClCompile Include="FFTCC.cpp">
      <Filter>Sourse</Filter>
    </ClCompile>
  </ItemGroup>
  <ItemGroup>
    <CudaCompile Include="PIDIC.cu">
      <Filter>CUDA</Filter>
    </CudaCompile>
  </ItemGroup>
  <ItemGroup>
    <ClInclude Include="EasyBMP.h">
      <Filter>Header</Filter>
    </ClInclude>
    <ClInclude Include="EasyBMP_BMP.h">
      <Filter>Header</Filter>
    </ClInclude>
    <ClInclude Include="EasyBMP_DataStructures.h">
      <Filter>Header</Filter>
    </ClInclude>
    <ClInclude Include="EasyBMP_VariousBMPutilities.h">
      <Filter>Header</Filter>
    </ClInclude>
    <ClInclude Include="fftw3.h">
      <Filter>Header</Filter>
    </ClInclude>
    <ClInclude Include="FFTCC.h">
      <Filter>Header</Filter>
    </ClInclude>
  </ItemGroup>
  <ItemGroup>
    <None Include="PIDIC.cuh">
      <Filter>CUDA</Filter>
    </None>
  </ItemGroup>
</Project>